// !$*UTF8*$!
{
	archiveVersion = 1;
	classes = {
	};
	objectVersion = 56;
	objects = {

/* Begin PBXBuildFile section */
		EC46F3592C2DC861003FAB11 /* DSQ.xcframework in Frameworks */ = {isa = PBXBuildFile; fileRef = ECDA74C32BFCDDBD0014FFF4 /* DSQ.xcframework */; };
		EC46F35A2C2DC861003FAB11 /* DSQ.xcframework in Embed Frameworks */ = {isa = PBXBuildFile; fileRef = ECDA74C32BFCDDBD0014FFF4 /* DSQ.xcframework */; settings = {ATTRIBUTES = (CodeSignOnCopy, RemoveHeadersOnCopy, ); }; };
		EC57ADAC2C201B2F00A8ED49 /* Stub in Frameworks */ = {isa = PBXBuildFile; productRef = EC57ADAB2C201B2F00A8ED49 /* Stub */; };
		EC5E9BAA2C2DCA7300B26BD5 /* Board.Description.swift in Sources */ = {isa = PBXBuildFile; fileRef = EC5E9BA62C2DCA7300B26BD5 /* Board.Description.swift */; };
		EC5E9BAB2C2DCA7300B26BD5 /* Owner.Symbol.swift in Sources */ = {isa = PBXBuildFile; fileRef = EC5E9BA72C2DCA7300B26BD5 /* Owner.Symbol.swift */; };
		EC5E9BAC2C2DCA7300B26BD5 /* Animal.Symbol.swift in Sources */ = {isa = PBXBuildFile; fileRef = EC5E9BA82C2DCA7300B26BD5 /* Animal.Symbol.swift */; };
		EC5E9BAD2C2DCA7300B26BD5 /* CellType.Symbol.swift in Sources */ = {isa = PBXBuildFile; fileRef = EC5E9BA92C2DCA7300B26BD5 /* CellType.Symbol.swift */; };
		EC5E9BB72C2DCAB300B26BD5 /* rat.usdz in Resources */ = {isa = PBXBuildFile; fileRef = EC5E9BAE2C2DCAB300B26BD5 /* rat.usdz */; };
		EC5E9BB82C2DCAB300B26BD5 /* lion.usdz in Resources */ = {isa = PBXBuildFile; fileRef = EC5E9BAF2C2DCAB300B26BD5 /* lion.usdz */; };
		EC5E9BB92C2DCAB300B26BD5 /* leopard.usdz in Resources */ = {isa = PBXBuildFile; fileRef = EC5E9BB02C2DCAB300B26BD5 /* leopard.usdz */; };
		EC5E9BBA2C2DCAB300B26BD5 /* board.usdz in Resources */ = {isa = PBXBuildFile; fileRef = EC5E9BB12C2DCAB300B26BD5 /* board.usdz */; };
		EC5E9BBB2C2DCAB300B26BD5 /* wolf.usdz in Resources */ = {isa = PBXBuildFile; fileRef = EC5E9BB22C2DCAB300B26BD5 /* wolf.usdz */; };
		EC5E9BBC2C2DCAB300B26BD5 /* dog.usdz in Resources */ = {isa = PBXBuildFile; fileRef = EC5E9BB32C2DCAB300B26BD5 /* dog.usdz */; };
		EC5E9BBD2C2DCAB300B26BD5 /* elephant.usdz in Resources */ = {isa = PBXBuildFile; fileRef = EC5E9BB42C2DCAB300B26BD5 /* elephant.usdz */; };
		EC5E9BBE2C2DCAB300B26BD5 /* tiger.usdz in Resources */ = {isa = PBXBuildFile; fileRef = EC5E9BB52C2DCAB300B26BD5 /* tiger.usdz */; };
		EC5E9BBF2C2DCAB300B26BD5 /* cat.usdz in Resources */ = {isa = PBXBuildFile; fileRef = EC5E9BB62C2DCAB300B26BD5 /* cat.usdz */; };
		ECC63AD82C29964700B09362 /* Localizable.xcstrings in Resources */ = {isa = PBXBuildFile; fileRef = ECC63AD72C29964700B09362 /* Localizable.xcstrings */; };
		ECC63ADA2C2997CB00B09362 /* LanguagePicker.swift in Sources */ = {isa = PBXBuildFile; fileRef = ECC63AD92C2997CB00B09362 /* LanguagePicker.swift */; };
		ECC63AE02C29985500B09362 /* LanguageEnum.swift in Sources */ = {isa = PBXBuildFile; fileRef = ECC63ADF2C29985500B09362 /* LanguageEnum.swift */; };
		ECDA74882BF3AD500014FFF4 /* DouShouQiApp.swift in Sources */ = {isa = PBXBuildFile; fileRef = ECDA74872BF3AD500014FFF4 /* DouShouQiApp.swift */; };
		ECDA748C2BF3AD510014FFF4 /* Assets.xcassets in Resources */ = {isa = PBXBuildFile; fileRef = ECDA748B2BF3AD510014FFF4 /* Assets.xcassets */; };
		ECDA74992BF3AD510014FFF4 /* DouShouQiTests.swift in Sources */ = {isa = PBXBuildFile; fileRef = ECDA74982BF3AD510014FFF4 /* DouShouQiTests.swift */; };
		ECDA74A32BF3AD510014FFF4 /* DouShouQiUITests.swift in Sources */ = {isa = PBXBuildFile; fileRef = ECDA74A22BF3AD510014FFF4 /* DouShouQiUITests.swift */; };
		ECDA74A52BF3AD510014FFF4 /* DouShouQiUITestsLaunchTests.swift in Sources */ = {isa = PBXBuildFile; fileRef = ECDA74A42BF3AD510014FFF4 /* DouShouQiUITestsLaunchTests.swift */; };
		ECDA74B22BF3AD8D0014FFF4 /* MainPage.swift in Sources */ = {isa = PBXBuildFile; fileRef = ECDA74B12BF3AD8D0014FFF4 /* MainPage.swift */; };
		ECDA74B72BF3B2C10014FFF4 /* SettingsPage.swift in Sources */ = {isa = PBXBuildFile; fileRef = ECDA74B62BF3B2C10014FFF4 /* SettingsPage.swift */; };
		ECDA74BA2BF3B9A10014FFF4 /* ThemeEnum.swift in Sources */ = {isa = PBXBuildFile; fileRef = ECDA74B92BF3B9A10014FFF4 /* ThemeEnum.swift */; };
		ECDA74BD2BF3BAD70014FFF4 /* ThemePicker.swift in Sources */ = {isa = PBXBuildFile; fileRef = ECDA74BC2BF3BAD70014FFF4 /* ThemePicker.swift */; };
		ECDA74CD2BFE16040014FFF4 /* GameScene.swift in Sources */ = {isa = PBXBuildFile; fileRef = ECDA74CC2BFE16040014FFF4 /* GameScene.swift */; };
		ECDA74CF2BFE1ECA0014FFF4 /* LeaderboardPage.swift in Sources */ = {isa = PBXBuildFile; fileRef = ECDA74CE2BFE1ECA0014FFF4 /* LeaderboardPage.swift */; };
		ECDA74D12BFE1EE40014FFF4 /* RecordedGamesPage.swift in Sources */ = {isa = PBXBuildFile; fileRef = ECDA74D02BFE1EE40014FFF4 /* RecordedGamesPage.swift */; };
		ECDA74D72C0483230014FFF4 /* GamePage.swift in Sources */ = {isa = PBXBuildFile; fileRef = ECDA74D62C0483230014FFF4 /* GamePage.swift */; };
		ECDA74DA2C04854A0014FFF4 /* Animal.VM.swift in Sources */ = {isa = PBXBuildFile; fileRef = ECDA74D92C04854A0014FFF4 /* Animal.VM.swift */; };
		ECDA74DC2C0486010014FFF4 /* Owner.VM.swift in Sources */ = {isa = PBXBuildFile; fileRef = ECDA74DB2C0486010014FFF4 /* Owner.VM.swift */; };
		ECDA74DE2C0487930014FFF4 /* PiecesNode.swift in Sources */ = {isa = PBXBuildFile; fileRef = ECDA74DD2C0487930014FFF4 /* PiecesNode.swift */; };
		ECDA74E22C048FB10014FFF4 /* BoardNode.swift in Sources */ = {isa = PBXBuildFile; fileRef = ECDA74E12C048FB10014FFF4 /* BoardNode.swift */; };
		ECDA74EB2C0884A80014FFF4 /* Game.VM.swift in Sources */ = {isa = PBXBuildFile; fileRef = ECDA74EA2C0884A80014FFF4 /* Game.VM.swift */; };
		ECDA74ED2C0DE4420014FFF4 /* ErrorPage.swift in Sources */ = {isa = PBXBuildFile; fileRef = ECDA74EC2C0DE4420014FFF4 /* ErrorPage.swift */; };
		ECDA74EF2C132AB30014FFF4 /* GameMenuPage.swift in Sources */ = {isa = PBXBuildFile; fileRef = ECDA74EE2C132AB30014FFF4 /* GameMenuPage.swift */; };
		ECDA75462C1C352F0014FFF4 /* ARPage.swift in Sources */ = {isa = PBXBuildFile; fileRef = ECDA75452C1C352F0014FFF4 /* ARPage.swift */; };
/* End PBXBuildFile section */

/* Begin PBXContainerItemProxy section */
		ECDA74952BF3AD510014FFF4 /* PBXContainerItemProxy */ = {
			isa = PBXContainerItemProxy;
			containerPortal = ECDA747C2BF3AD500014FFF4 /* Project object */;
			proxyType = 1;
			remoteGlobalIDString = ECDA74832BF3AD500014FFF4;
			remoteInfo = DouShouQi;
		};
		ECDA749F2BF3AD510014FFF4 /* PBXContainerItemProxy */ = {
			isa = PBXContainerItemProxy;
			containerPortal = ECDA747C2BF3AD500014FFF4 /* Project object */;
			proxyType = 1;
			remoteGlobalIDString = ECDA74832BF3AD500014FFF4;
			remoteInfo = DouShouQi;
		};
/* End PBXContainerItemProxy section */

/* Begin PBXCopyFilesBuildPhase section */
		EC46F35B2C2DC861003FAB11 /* Embed Frameworks */ = {
			isa = PBXCopyFilesBuildPhase;
			buildActionMask = 2147483647;
			dstPath = "";
			dstSubfolderSpec = 10;
			files = (
				EC46F35A2C2DC861003FAB11 /* DSQ.xcframework in Embed Frameworks */,
			);
			name = "Embed Frameworks";
			runOnlyForDeploymentPostprocessing = 0;
		};
/* End PBXCopyFilesBuildPhase section */

/* Begin PBXFileReference section */
		EC5E9BA62C2DCA7300B26BD5 /* Board.Description.swift */ = {isa = PBXFileReference; fileEncoding = 4; lastKnownFileType = sourcecode.swift; path = Board.Description.swift; sourceTree = "<group>"; };
		EC5E9BA72C2DCA7300B26BD5 /* Owner.Symbol.swift */ = {isa = PBXFileReference; fileEncoding = 4; lastKnownFileType = sourcecode.swift; path = Owner.Symbol.swift; sourceTree = "<group>"; };
		EC5E9BA82C2DCA7300B26BD5 /* Animal.Symbol.swift */ = {isa = PBXFileReference; fileEncoding = 4; lastKnownFileType = sourcecode.swift; path = Animal.Symbol.swift; sourceTree = "<group>"; };
		EC5E9BA92C2DCA7300B26BD5 /* CellType.Symbol.swift */ = {isa = PBXFileReference; fileEncoding = 4; lastKnownFileType = sourcecode.swift; path = CellType.Symbol.swift; sourceTree = "<group>"; };
		EC5E9BAE2C2DCAB300B26BD5 /* rat.usdz */ = {isa = PBXFileReference; lastKnownFileType = file.usdz; path = rat.usdz; sourceTree = "<group>"; };
		EC5E9BAF2C2DCAB300B26BD5 /* lion.usdz */ = {isa = PBXFileReference; lastKnownFileType = file.usdz; path = lion.usdz; sourceTree = "<group>"; };
		EC5E9BB02C2DCAB300B26BD5 /* leopard.usdz */ = {isa = PBXFileReference; lastKnownFileType = file.usdz; path = leopard.usdz; sourceTree = "<group>"; };
		EC5E9BB12C2DCAB300B26BD5 /* board.usdz */ = {isa = PBXFileReference; lastKnownFileType = file.usdz; path = board.usdz; sourceTree = "<group>"; };
		EC5E9BB22C2DCAB300B26BD5 /* wolf.usdz */ = {isa = PBXFileReference; lastKnownFileType = file.usdz; path = wolf.usdz; sourceTree = "<group>"; };
		EC5E9BB32C2DCAB300B26BD5 /* dog.usdz */ = {isa = PBXFileReference; lastKnownFileType = file.usdz; path = dog.usdz; sourceTree = "<group>"; };
		EC5E9BB42C2DCAB300B26BD5 /* elephant.usdz */ = {isa = PBXFileReference; lastKnownFileType = file.usdz; path = elephant.usdz; sourceTree = "<group>"; };
		EC5E9BB52C2DCAB300B26BD5 /* tiger.usdz */ = {isa = PBXFileReference; lastKnownFileType = file.usdz; path = tiger.usdz; sourceTree = "<group>"; };
		EC5E9BB62C2DCAB300B26BD5 /* cat.usdz */ = {isa = PBXFileReference; lastKnownFileType = file.usdz; path = cat.usdz; sourceTree = "<group>"; };
		EC96A01D2C22DF1C0022A15B /* Preview Assets.xcassets */ = {isa = PBXFileReference; lastKnownFileType = folder.assetcatalog; path = "Preview Assets.xcassets"; sourceTree = "<group>"; };
		ECC63AD72C29964700B09362 /* Localizable.xcstrings */ = {isa = PBXFileReference; lastKnownFileType = text.json.xcstrings; path = Localizable.xcstrings; sourceTree = "<group>"; };
		ECC63AD92C2997CB00B09362 /* LanguagePicker.swift */ = {isa = PBXFileReference; lastKnownFileType = sourcecode.swift; path = LanguagePicker.swift; sourceTree = "<group>"; };
		ECC63ADF2C29985500B09362 /* LanguageEnum.swift */ = {isa = PBXFileReference; lastKnownFileType = sourcecode.swift; path = LanguageEnum.swift; sourceTree = "<group>"; };
		ECDA74842BF3AD500014FFF4 /* DouShouQi.app */ = {isa = PBXFileReference; explicitFileType = wrapper.application; includeInIndex = 0; path = DouShouQi.app; sourceTree = BUILT_PRODUCTS_DIR; };
		ECDA74872BF3AD500014FFF4 /* DouShouQiApp.swift */ = {isa = PBXFileReference; lastKnownFileType = sourcecode.swift; path = DouShouQiApp.swift; sourceTree = "<group>"; };
		ECDA748B2BF3AD510014FFF4 /* Assets.xcassets */ = {isa = PBXFileReference; lastKnownFileType = folder.assetcatalog; path = Assets.xcassets; sourceTree = "<group>"; };
		ECDA74942BF3AD510014FFF4 /* DouShouQiTests.xctest */ = {isa = PBXFileReference; explicitFileType = wrapper.cfbundle; includeInIndex = 0; path = DouShouQiTests.xctest; sourceTree = BUILT_PRODUCTS_DIR; };
		ECDA74982BF3AD510014FFF4 /* DouShouQiTests.swift */ = {isa = PBXFileReference; lastKnownFileType = sourcecode.swift; path = DouShouQiTests.swift; sourceTree = "<group>"; };
		ECDA749E2BF3AD510014FFF4 /* DouShouQiUITests.xctest */ = {isa = PBXFileReference; explicitFileType = wrapper.cfbundle; includeInIndex = 0; path = DouShouQiUITests.xctest; sourceTree = BUILT_PRODUCTS_DIR; };
		ECDA74A22BF3AD510014FFF4 /* DouShouQiUITests.swift */ = {isa = PBXFileReference; lastKnownFileType = sourcecode.swift; path = DouShouQiUITests.swift; sourceTree = "<group>"; };
		ECDA74A42BF3AD510014FFF4 /* DouShouQiUITestsLaunchTests.swift */ = {isa = PBXFileReference; lastKnownFileType = sourcecode.swift; path = DouShouQiUITestsLaunchTests.swift; sourceTree = "<group>"; };
		ECDA74B12BF3AD8D0014FFF4 /* MainPage.swift */ = {isa = PBXFileReference; lastKnownFileType = sourcecode.swift; path = MainPage.swift; sourceTree = "<group>"; };
		ECDA74B62BF3B2C10014FFF4 /* SettingsPage.swift */ = {isa = PBXFileReference; lastKnownFileType = sourcecode.swift; path = SettingsPage.swift; sourceTree = "<group>"; };
		ECDA74B92BF3B9A10014FFF4 /* ThemeEnum.swift */ = {isa = PBXFileReference; lastKnownFileType = sourcecode.swift; path = ThemeEnum.swift; sourceTree = "<group>"; };
		ECDA74BC2BF3BAD70014FFF4 /* ThemePicker.swift */ = {isa = PBXFileReference; lastKnownFileType = sourcecode.swift; path = ThemePicker.swift; sourceTree = "<group>"; };
		ECDA74BF2BF4CE4B0014FFF4 /* DSQ.xcframework */ = {isa = PBXFileReference; lastKnownFileType = wrapper.xcframework; name = DSQ.xcframework; path = ../../../../Downloads/swiftui_arkit_2024/XCFramework/DSQ.xcframework; sourceTree = "<group>"; };
		ECDA74C32BFCDDBD0014FFF4 /* DSQ.xcframework */ = {isa = PBXFileReference; lastKnownFileType = wrapper.xcframework; name = DSQ.xcframework; path = ../Model/DSQ.xcframework; sourceTree = "<group>"; };
		ECDA74CC2BFE16040014FFF4 /* GameScene.swift */ = {isa = PBXFileReference; lastKnownFileType = sourcecode.swift; path = GameScene.swift; sourceTree = "<group>"; };
		ECDA74CE2BFE1ECA0014FFF4 /* LeaderboardPage.swift */ = {isa = PBXFileReference; lastKnownFileType = sourcecode.swift; path = LeaderboardPage.swift; sourceTree = "<group>"; };
		ECDA74D02BFE1EE40014FFF4 /* RecordedGamesPage.swift */ = {isa = PBXFileReference; lastKnownFileType = sourcecode.swift; path = RecordedGamesPage.swift; sourceTree = "<group>"; };
		ECDA74D62C0483230014FFF4 /* GamePage.swift */ = {isa = PBXFileReference; lastKnownFileType = sourcecode.swift; path = GamePage.swift; sourceTree = "<group>"; };
		ECDA74D92C04854A0014FFF4 /* Animal.VM.swift */ = {isa = PBXFileReference; lastKnownFileType = sourcecode.swift; path = Animal.VM.swift; sourceTree = "<group>"; };
		ECDA74DB2C0486010014FFF4 /* Owner.VM.swift */ = {isa = PBXFileReference; lastKnownFileType = sourcecode.swift; path = Owner.VM.swift; sourceTree = "<group>"; };
		ECDA74DD2C0487930014FFF4 /* PiecesNode.swift */ = {isa = PBXFileReference; lastKnownFileType = sourcecode.swift; path = PiecesNode.swift; sourceTree = "<group>"; };
		ECDA74E12C048FB10014FFF4 /* BoardNode.swift */ = {isa = PBXFileReference; lastKnownFileType = sourcecode.swift; path = BoardNode.swift; sourceTree = "<group>"; };
		ECDA74EA2C0884A80014FFF4 /* Game.VM.swift */ = {isa = PBXFileReference; lastKnownFileType = sourcecode.swift; path = Game.VM.swift; sourceTree = "<group>"; };
		ECDA74EC2C0DE4420014FFF4 /* ErrorPage.swift */ = {isa = PBXFileReference; lastKnownFileType = sourcecode.swift; path = ErrorPage.swift; sourceTree = "<group>"; };
		ECDA74EE2C132AB30014FFF4 /* GameMenuPage.swift */ = {isa = PBXFileReference; lastKnownFileType = sourcecode.swift; path = GameMenuPage.swift; sourceTree = "<group>"; };
		ECDA75452C1C352F0014FFF4 /* ARPage.swift */ = {isa = PBXFileReference; lastKnownFileType = sourcecode.swift; path = ARPage.swift; sourceTree = "<group>"; };
/* End PBXFileReference section */

/* Begin PBXFrameworksBuildPhase section */
		ECDA74812BF3AD500014FFF4 /* Frameworks */ = {
			isa = PBXFrameworksBuildPhase;
			buildActionMask = 2147483647;
			files = (
				EC46F3592C2DC861003FAB11 /* DSQ.xcframework in Frameworks */,
				EC57ADAC2C201B2F00A8ED49 /* Stub in Frameworks */,
			);
			runOnlyForDeploymentPostprocessing = 0;
		};
		ECDA74912BF3AD510014FFF4 /* Frameworks */ = {
			isa = PBXFrameworksBuildPhase;
			buildActionMask = 2147483647;
			files = (
			);
			runOnlyForDeploymentPostprocessing = 0;
		};
		ECDA749B2BF3AD510014FFF4 /* Frameworks */ = {
			isa = PBXFrameworksBuildPhase;
			buildActionMask = 2147483647;
			files = (
			);
			runOnlyForDeploymentPostprocessing = 0;
		};
/* End PBXFrameworksBuildPhase section */

/* Begin PBXGroup section */
		EC96A0052C22CFC00022A15B /* Assets */ = {
			isa = PBXGroup;
			children = (
				EC5E9BB12C2DCAB300B26BD5 /* board.usdz */,
				EC5E9BB62C2DCAB300B26BD5 /* cat.usdz */,
				EC5E9BB32C2DCAB300B26BD5 /* dog.usdz */,
				EC5E9BB42C2DCAB300B26BD5 /* elephant.usdz */,
				EC5E9BB02C2DCAB300B26BD5 /* leopard.usdz */,
				EC5E9BAF2C2DCAB300B26BD5 /* lion.usdz */,
				EC5E9BAE2C2DCAB300B26BD5 /* rat.usdz */,
				EC5E9BB52C2DCAB300B26BD5 /* tiger.usdz */,
				EC5E9BB22C2DCAB300B26BD5 /* wolf.usdz */,
			);
			path = Assets;
			sourceTree = "<group>";
		};
		EC96A01C2C22DF1C0022A15B /* Preview Content */ = {
			isa = PBXGroup;
			children = (
				EC96A01D2C22DF1C0022A15B /* Preview Assets.xcassets */,
			);
			path = "Preview Content";
			sourceTree = "<group>";
		};
		ECDA747B2BF3AD500014FFF4 = {
			isa = PBXGroup;
			children = (
				ECC63AD72C29964700B09362 /* Localizable.xcstrings */,
				ECDA74862BF3AD500014FFF4 /* DouShouQi */,
				ECDA74972BF3AD510014FFF4 /* DouShouQiTests */,
				ECDA74A12BF3AD510014FFF4 /* DouShouQiUITests */,
				ECDA74852BF3AD500014FFF4 /* Products */,
				ECDA74BE2BF4CE4B0014FFF4 /* Frameworks */,
			);
			sourceTree = "<group>";
		};
		ECDA74852BF3AD500014FFF4 /* Products */ = {
			isa = PBXGroup;
			children = (
				ECDA74842BF3AD500014FFF4 /* DouShouQi.app */,
				ECDA74942BF3AD510014FFF4 /* DouShouQiTests.xctest */,
				ECDA749E2BF3AD510014FFF4 /* DouShouQiUITests.xctest */,
			);
			name = Products;
			sourceTree = "<group>";
		};
		ECDA74862BF3AD500014FFF4 /* DouShouQi */ = {
			isa = PBXGroup;
			children = (
				EC96A01C2C22DF1C0022A15B /* Preview Content */,
				ECDA75442C1C34FA0014FFF4 /* AR */,
				ECDA74F02C1338240014FFF4 /* DebugCLI */,
				ECDA74E92C0884970014FFF4 /* ViewModel */,
				ECDA74C92BFE14C80014FFF4 /* Scenes */,
				ECDA74BB2BF3BAC40014FFF4 /* Pages */,
				ECDA74B82BF3B97E0014FFF4 /* UiModel */,
				ECDA74872BF3AD500014FFF4 /* DouShouQiApp.swift */,
				ECDA748B2BF3AD510014FFF4 /* Assets.xcassets */,
			);
			path = DouShouQi;
			sourceTree = "<group>";
		};
		ECDA74972BF3AD510014FFF4 /* DouShouQiTests */ = {
			isa = PBXGroup;
			children = (
				ECDA74982BF3AD510014FFF4 /* DouShouQiTests.swift */,
			);
			path = DouShouQiTests;
			sourceTree = "<group>";
		};
		ECDA74A12BF3AD510014FFF4 /* DouShouQiUITests */ = {
			isa = PBXGroup;
			children = (
				ECDA74A22BF3AD510014FFF4 /* DouShouQiUITests.swift */,
				ECDA74A42BF3AD510014FFF4 /* DouShouQiUITestsLaunchTests.swift */,
			);
			path = DouShouQiUITests;
			sourceTree = "<group>";
		};
		ECDA74B82BF3B97E0014FFF4 /* UiModel */ = {
			isa = PBXGroup;
			children = (
				ECDA74BC2BF3BAD70014FFF4 /* ThemePicker.swift */,
				ECDA74B92BF3B9A10014FFF4 /* ThemeEnum.swift */,
				ECDA74DD2C0487930014FFF4 /* PiecesNode.swift */,
				ECDA74E12C048FB10014FFF4 /* BoardNode.swift */,
				ECC63AD92C2997CB00B09362 /* LanguagePicker.swift */,
				ECC63ADF2C29985500B09362 /* LanguageEnum.swift */,
			);
			path = UiModel;
			sourceTree = "<group>";
		};
		ECDA74BB2BF3BAC40014FFF4 /* Pages */ = {
			isa = PBXGroup;
			children = (
				ECDA74D62C0483230014FFF4 /* GamePage.swift */,
				ECDA74B12BF3AD8D0014FFF4 /* MainPage.swift */,
				ECDA74B62BF3B2C10014FFF4 /* SettingsPage.swift */,
				ECDA74CE2BFE1ECA0014FFF4 /* LeaderboardPage.swift */,
				ECDA74D02BFE1EE40014FFF4 /* RecordedGamesPage.swift */,
				ECDA74EC2C0DE4420014FFF4 /* ErrorPage.swift */,
				ECDA74EE2C132AB30014FFF4 /* GameMenuPage.swift */,
			);
			path = Pages;
			sourceTree = "<group>";
		};
		ECDA74BE2BF4CE4B0014FFF4 /* Frameworks */ = {
			isa = PBXGroup;
			children = (
				ECDA74C32BFCDDBD0014FFF4 /* DSQ.xcframework */,
				ECDA74BF2BF4CE4B0014FFF4 /* DSQ.xcframework */,
			);
			name = Frameworks;
			sourceTree = "<group>";
		};
		ECDA74C92BFE14C80014FFF4 /* Scenes */ = {
			isa = PBXGroup;
			children = (
				ECDA74CC2BFE16040014FFF4 /* GameScene.swift */,
			);
			path = Scenes;
			sourceTree = "<group>";
		};
		ECDA74E92C0884970014FFF4 /* ViewModel */ = {
			isa = PBXGroup;
			children = (
				ECDA74D92C04854A0014FFF4 /* Animal.VM.swift */,
				ECDA74DB2C0486010014FFF4 /* Owner.VM.swift */,
				ECDA74EA2C0884A80014FFF4 /* Game.VM.swift */,
			);
			path = ViewModel;
			sourceTree = "<group>";
		};
		ECDA74F02C1338240014FFF4 /* DebugCLI */ = {
			isa = PBXGroup;
			children = (
				EC5E9BA82C2DCA7300B26BD5 /* Animal.Symbol.swift */,
				EC5E9BA62C2DCA7300B26BD5 /* Board.Description.swift */,
				EC5E9BA92C2DCA7300B26BD5 /* CellType.Symbol.swift */,
				EC5E9BA72C2DCA7300B26BD5 /* Owner.Symbol.swift */,
			);
			path = DebugCLI;
			sourceTree = "<group>";
		};
		ECDA75442C1C34FA0014FFF4 /* AR */ = {
			isa = PBXGroup;
			children = (
				EC96A0052C22CFC00022A15B /* Assets */,
				ECDA75452C1C352F0014FFF4 /* ARPage.swift */,
			);
			path = AR;
			sourceTree = "<group>";
		};
/* End PBXGroup section */

/* Begin PBXNativeTarget section */
		ECDA74832BF3AD500014FFF4 /* DouShouQi */ = {
			isa = PBXNativeTarget;
			buildConfigurationList = ECDA74A82BF3AD510014FFF4 /* Build configuration list for PBXNativeTarget "DouShouQi" */;
			buildPhases = (
				ECDA74802BF3AD500014FFF4 /* Sources */,
				ECDA74812BF3AD500014FFF4 /* Frameworks */,
				ECDA74822BF3AD500014FFF4 /* Resources */,
				EC46F35B2C2DC861003FAB11 /* Embed Frameworks */,
			);
			buildRules = (
			);
			dependencies = (
			);
			name = DouShouQi;
			packageProductDependencies = (
				EC57ADAB2C201B2F00A8ED49 /* Stub */,
			);
			productName = DouShouQi;
			productReference = ECDA74842BF3AD500014FFF4 /* DouShouQi.app */;
			productType = "com.apple.product-type.application";
		};
		ECDA74932BF3AD510014FFF4 /* DouShouQiTests */ = {
			isa = PBXNativeTarget;
			buildConfigurationList = ECDA74AB2BF3AD510014FFF4 /* Build configuration list for PBXNativeTarget "DouShouQiTests" */;
			buildPhases = (
				ECDA74902BF3AD510014FFF4 /* Sources */,
				ECDA74912BF3AD510014FFF4 /* Frameworks */,
				ECDA74922BF3AD510014FFF4 /* Resources */,
			);
			buildRules = (
			);
			dependencies = (
				ECDA74962BF3AD510014FFF4 /* PBXTargetDependency */,
			);
			name = DouShouQiTests;
			productName = DouShouQiTests;
			productReference = ECDA74942BF3AD510014FFF4 /* DouShouQiTests.xctest */;
			productType = "com.apple.product-type.bundle.unit-test";
		};
		ECDA749D2BF3AD510014FFF4 /* DouShouQiUITests */ = {
			isa = PBXNativeTarget;
			buildConfigurationList = ECDA74AE2BF3AD510014FFF4 /* Build configuration list for PBXNativeTarget "DouShouQiUITests" */;
			buildPhases = (
				ECDA749A2BF3AD510014FFF4 /* Sources */,
				ECDA749B2BF3AD510014FFF4 /* Frameworks */,
				ECDA749C2BF3AD510014FFF4 /* Resources */,
			);
			buildRules = (
			);
			dependencies = (
				ECDA74A02BF3AD510014FFF4 /* PBXTargetDependency */,
			);
			name = DouShouQiUITests;
			productName = DouShouQiUITests;
			productReference = ECDA749E2BF3AD510014FFF4 /* DouShouQiUITests.xctest */;
			productType = "com.apple.product-type.bundle.ui-testing";
		};
/* End PBXNativeTarget section */

/* Begin PBXProject section */
		ECDA747C2BF3AD500014FFF4 /* Project object */ = {
			isa = PBXProject;
			attributes = {
				BuildIndependentTargetsInParallel = 1;
				LastSwiftUpdateCheck = 1510;
				LastUpgradeCheck = 1510;
				TargetAttributes = {
					ECDA74832BF3AD500014FFF4 = {
						CreatedOnToolsVersion = 15.1;
					};
					ECDA74932BF3AD510014FFF4 = {
						CreatedOnToolsVersion = 15.1;
						TestTargetID = ECDA74832BF3AD500014FFF4;
					};
					ECDA749D2BF3AD510014FFF4 = {
						CreatedOnToolsVersion = 15.1;
						TestTargetID = ECDA74832BF3AD500014FFF4;
					};
				};
			};
			buildConfigurationList = ECDA747F2BF3AD500014FFF4 /* Build configuration list for PBXProject "DouShouQi" */;
			compatibilityVersion = "Xcode 14.0";
			developmentRegion = en;
			hasScannedForEncodings = 0;
			knownRegions = (
				en,
				Base,
				fr,
			);
			mainGroup = ECDA747B2BF3AD500014FFF4;
			productRefGroup = ECDA74852BF3AD500014FFF4 /* Products */;
			projectDirPath = "";
			projectRoot = "";
			targets = (
				ECDA74832BF3AD500014FFF4 /* DouShouQi */,
				ECDA74932BF3AD510014FFF4 /* DouShouQiTests */,
				ECDA749D2BF3AD510014FFF4 /* DouShouQiUITests */,
			);
		};
/* End PBXProject section */

/* Begin PBXResourcesBuildPhase section */
		ECDA74822BF3AD500014FFF4 /* Resources */ = {
			isa = PBXResourcesBuildPhase;
			buildActionMask = 2147483647;
			files = (
				EC5E9BBF2C2DCAB300B26BD5 /* cat.usdz in Resources */,
				EC5E9BBA2C2DCAB300B26BD5 /* board.usdz in Resources */,
				EC5E9BB92C2DCAB300B26BD5 /* leopard.usdz in Resources */,
				ECDA748C2BF3AD510014FFF4 /* Assets.xcassets in Resources */,
				EC5E9BBE2C2DCAB300B26BD5 /* tiger.usdz in Resources */,
				EC5E9BBB2C2DCAB300B26BD5 /* wolf.usdz in Resources */,
				ECC63AD82C29964700B09362 /* Localizable.xcstrings in Resources */,
				EC5E9BBD2C2DCAB300B26BD5 /* elephant.usdz in Resources */,
				EC5E9BB72C2DCAB300B26BD5 /* rat.usdz in Resources */,
				EC5E9BBC2C2DCAB300B26BD5 /* dog.usdz in Resources */,
				EC5E9BB82C2DCAB300B26BD5 /* lion.usdz in Resources */,
			);
			runOnlyForDeploymentPostprocessing = 0;
		};
		ECDA74922BF3AD510014FFF4 /* Resources */ = {
			isa = PBXResourcesBuildPhase;
			buildActionMask = 2147483647;
			files = (
			);
			runOnlyForDeploymentPostprocessing = 0;
		};
		ECDA749C2BF3AD510014FFF4 /* Resources */ = {
			isa = PBXResourcesBuildPhase;
			buildActionMask = 2147483647;
			files = (
			);
			runOnlyForDeploymentPostprocessing = 0;
		};
/* End PBXResourcesBuildPhase section */

/* Begin PBXSourcesBuildPhase section */
		ECDA74802BF3AD500014FFF4 /* Sources */ = {
			isa = PBXSourcesBuildPhase;
			buildActionMask = 2147483647;
			files = (
				EC5E9BAD2C2DCA7300B26BD5 /* CellType.Symbol.swift in Sources */,
				ECDA74D12BFE1EE40014FFF4 /* RecordedGamesPage.swift in Sources */,
				ECDA75462C1C352F0014FFF4 /* ARPage.swift in Sources */,
				ECDA74CF2BFE1ECA0014FFF4 /* LeaderboardPage.swift in Sources */,
				ECDA74DA2C04854A0014FFF4 /* Animal.VM.swift in Sources */,
				ECDA74DC2C0486010014FFF4 /* Owner.VM.swift in Sources */,
				ECDA74E22C048FB10014FFF4 /* BoardNode.swift in Sources */,
				EC5E9BAC2C2DCA7300B26BD5 /* Animal.Symbol.swift in Sources */,
				ECDA74ED2C0DE4420014FFF4 /* ErrorPage.swift in Sources */,
				ECDA74CD2BFE16040014FFF4 /* GameScene.swift in Sources */,
				EC5E9BAA2C2DCA7300B26BD5 /* Board.Description.swift in Sources */,
				ECDA74B72BF3B2C10014FFF4 /* SettingsPage.swift in Sources */,
				ECDA74EF2C132AB30014FFF4 /* GameMenuPage.swift in Sources */,
				EC5E9BAB2C2DCA7300B26BD5 /* Owner.Symbol.swift in Sources */,
				ECDA74DE2C0487930014FFF4 /* PiecesNode.swift in Sources */,
				ECDA74D72C0483230014FFF4 /* GamePage.swift in Sources */,
				ECDA74882BF3AD500014FFF4 /* DouShouQiApp.swift in Sources */,
				ECDA74BA2BF3B9A10014FFF4 /* ThemeEnum.swift in Sources */,
				ECC63ADA2C2997CB00B09362 /* LanguagePicker.swift in Sources */,
				ECDA74BD2BF3BAD70014FFF4 /* ThemePicker.swift in Sources */,
				ECDA74EB2C0884A80014FFF4 /* Game.VM.swift in Sources */,
				ECDA74B22BF3AD8D0014FFF4 /* MainPage.swift in Sources */,
				ECC63AE02C29985500B09362 /* LanguageEnum.swift in Sources */,
			);
			runOnlyForDeploymentPostprocessing = 0;
		};
		ECDA74902BF3AD510014FFF4 /* Sources */ = {
			isa = PBXSourcesBuildPhase;
			buildActionMask = 2147483647;
			files = (
				ECDA74992BF3AD510014FFF4 /* DouShouQiTests.swift in Sources */,
			);
			runOnlyForDeploymentPostprocessing = 0;
		};
		ECDA749A2BF3AD510014FFF4 /* Sources */ = {
			isa = PBXSourcesBuildPhase;
			buildActionMask = 2147483647;
			files = (
				ECDA74A52BF3AD510014FFF4 /* DouShouQiUITestsLaunchTests.swift in Sources */,
				ECDA74A32BF3AD510014FFF4 /* DouShouQiUITests.swift in Sources */,
			);
			runOnlyForDeploymentPostprocessing = 0;
		};
/* End PBXSourcesBuildPhase section */

/* Begin PBXTargetDependency section */
		ECDA74962BF3AD510014FFF4 /* PBXTargetDependency */ = {
			isa = PBXTargetDependency;
			target = ECDA74832BF3AD500014FFF4 /* DouShouQi */;
			targetProxy = ECDA74952BF3AD510014FFF4 /* PBXContainerItemProxy */;
		};
		ECDA74A02BF3AD510014FFF4 /* PBXTargetDependency */ = {
			isa = PBXTargetDependency;
			target = ECDA74832BF3AD500014FFF4 /* DouShouQi */;
			targetProxy = ECDA749F2BF3AD510014FFF4 /* PBXContainerItemProxy */;
		};
/* End PBXTargetDependency section */

/* Begin XCBuildConfiguration section */
		ECDA74A62BF3AD510014FFF4 /* Debug */ = {
			isa = XCBuildConfiguration;
			buildSettings = {
				ALWAYS_SEARCH_USER_PATHS = NO;
				ASSETCATALOG_COMPILER_GENERATE_SWIFT_ASSET_SYMBOL_EXTENSIONS = YES;
				CLANG_ANALYZER_NONNULL = YES;
				CLANG_ANALYZER_NUMBER_OBJECT_CONVERSION = YES_AGGRESSIVE;
				CLANG_CXX_LANGUAGE_STANDARD = "gnu++20";
				CLANG_ENABLE_MODULES = YES;
				CLANG_ENABLE_OBJC_ARC = YES;
				CLANG_ENABLE_OBJC_WEAK = YES;
				CLANG_WARN_BLOCK_CAPTURE_AUTORELEASING = YES;
				CLANG_WARN_BOOL_CONVERSION = YES;
				CLANG_WARN_COMMA = YES;
				CLANG_WARN_CONSTANT_CONVERSION = YES;
				CLANG_WARN_DEPRECATED_OBJC_IMPLEMENTATIONS = YES;
				CLANG_WARN_DIRECT_OBJC_ISA_USAGE = YES_ERROR;
				CLANG_WARN_DOCUMENTATION_COMMENTS = YES;
				CLANG_WARN_EMPTY_BODY = YES;
				CLANG_WARN_ENUM_CONVERSION = YES;
				CLANG_WARN_INFINITE_RECURSION = YES;
				CLANG_WARN_INT_CONVERSION = YES;
				CLANG_WARN_NON_LITERAL_NULL_CONVERSION = YES;
				CLANG_WARN_OBJC_IMPLICIT_RETAIN_SELF = YES;
				CLANG_WARN_OBJC_LITERAL_CONVERSION = YES;
				CLANG_WARN_OBJC_ROOT_CLASS = YES_ERROR;
				CLANG_WARN_QUOTED_INCLUDE_IN_FRAMEWORK_HEADER = YES;
				CLANG_WARN_RANGE_LOOP_ANALYSIS = YES;
				CLANG_WARN_STRICT_PROTOTYPES = YES;
				CLANG_WARN_SUSPICIOUS_MOVE = YES;
				CLANG_WARN_UNGUARDED_AVAILABILITY = YES_AGGRESSIVE;
				CLANG_WARN_UNREACHABLE_CODE = YES;
				CLANG_WARN__DUPLICATE_METHOD_MATCH = YES;
				COPY_PHASE_STRIP = NO;
				DEBUG_INFORMATION_FORMAT = dwarf;
				ENABLE_STRICT_OBJC_MSGSEND = YES;
				ENABLE_TESTABILITY = YES;
				ENABLE_USER_SCRIPT_SANDBOXING = YES;
				GCC_C_LANGUAGE_STANDARD = gnu17;
				GCC_DYNAMIC_NO_PIC = NO;
				GCC_NO_COMMON_BLOCKS = YES;
				GCC_OPTIMIZATION_LEVEL = 0;
				GCC_PREPROCESSOR_DEFINITIONS = (
					"DEBUG=1",
					"$(inherited)",
				);
				GCC_WARN_64_TO_32_BIT_CONVERSION = YES;
				GCC_WARN_ABOUT_RETURN_TYPE = YES_ERROR;
				GCC_WARN_UNDECLARED_SELECTOR = YES;
				GCC_WARN_UNINITIALIZED_AUTOS = YES_AGGRESSIVE;
				GCC_WARN_UNUSED_FUNCTION = YES;
				GCC_WARN_UNUSED_VARIABLE = YES;
				IPHONEOS_DEPLOYMENT_TARGET = 17.2;
				LOCALIZATION_PREFERS_STRING_CATALOGS = YES;
				MTL_ENABLE_DEBUG_INFO = INCLUDE_SOURCE;
				MTL_FAST_MATH = YES;
				ONLY_ACTIVE_ARCH = YES;
				SDKROOT = iphoneos;
				SWIFT_ACTIVE_COMPILATION_CONDITIONS = "DEBUG $(inherited)";
				SWIFT_OPTIMIZATION_LEVEL = "-Onone";
			};
			name = Debug;
		};
		ECDA74A72BF3AD510014FFF4 /* Release */ = {
			isa = XCBuildConfiguration;
			buildSettings = {
				ALWAYS_SEARCH_USER_PATHS = NO;
				ASSETCATALOG_COMPILER_GENERATE_SWIFT_ASSET_SYMBOL_EXTENSIONS = YES;
				CLANG_ANALYZER_NONNULL = YES;
				CLANG_ANALYZER_NUMBER_OBJECT_CONVERSION = YES_AGGRESSIVE;
				CLANG_CXX_LANGUAGE_STANDARD = "gnu++20";
				CLANG_ENABLE_MODULES = YES;
				CLANG_ENABLE_OBJC_ARC = YES;
				CLANG_ENABLE_OBJC_WEAK = YES;
				CLANG_WARN_BLOCK_CAPTURE_AUTORELEASING = YES;
				CLANG_WARN_BOOL_CONVERSION = YES;
				CLANG_WARN_COMMA = YES;
				CLANG_WARN_CONSTANT_CONVERSION = YES;
				CLANG_WARN_DEPRECATED_OBJC_IMPLEMENTATIONS = YES;
				CLANG_WARN_DIRECT_OBJC_ISA_USAGE = YES_ERROR;
				CLANG_WARN_DOCUMENTATION_COMMENTS = YES;
				CLANG_WARN_EMPTY_BODY = YES;
				CLANG_WARN_ENUM_CONVERSION = YES;
				CLANG_WARN_INFINITE_RECURSION = YES;
				CLANG_WARN_INT_CONVERSION = YES;
				CLANG_WARN_NON_LITERAL_NULL_CONVERSION = YES;
				CLANG_WARN_OBJC_IMPLICIT_RETAIN_SELF = YES;
				CLANG_WARN_OBJC_LITERAL_CONVERSION = YES;
				CLANG_WARN_OBJC_ROOT_CLASS = YES_ERROR;
				CLANG_WARN_QUOTED_INCLUDE_IN_FRAMEWORK_HEADER = YES;
				CLANG_WARN_RANGE_LOOP_ANALYSIS = YES;
				CLANG_WARN_STRICT_PROTOTYPES = YES;
				CLANG_WARN_SUSPICIOUS_MOVE = YES;
				CLANG_WARN_UNGUARDED_AVAILABILITY = YES_AGGRESSIVE;
				CLANG_WARN_UNREACHABLE_CODE = YES;
				CLANG_WARN__DUPLICATE_METHOD_MATCH = YES;
				COPY_PHASE_STRIP = NO;
				DEBUG_INFORMATION_FORMAT = "dwarf-with-dsym";
				ENABLE_NS_ASSERTIONS = NO;
				ENABLE_STRICT_OBJC_MSGSEND = YES;
				ENABLE_USER_SCRIPT_SANDBOXING = YES;
				GCC_C_LANGUAGE_STANDARD = gnu17;
				GCC_NO_COMMON_BLOCKS = YES;
				GCC_WARN_64_TO_32_BIT_CONVERSION = YES;
				GCC_WARN_ABOUT_RETURN_TYPE = YES_ERROR;
				GCC_WARN_UNDECLARED_SELECTOR = YES;
				GCC_WARN_UNINITIALIZED_AUTOS = YES_AGGRESSIVE;
				GCC_WARN_UNUSED_FUNCTION = YES;
				GCC_WARN_UNUSED_VARIABLE = YES;
				IPHONEOS_DEPLOYMENT_TARGET = 17.2;
				LOCALIZATION_PREFERS_STRING_CATALOGS = YES;
				MTL_ENABLE_DEBUG_INFO = NO;
				MTL_FAST_MATH = YES;
				SDKROOT = iphoneos;
				SWIFT_COMPILATION_MODE = wholemodule;
				VALIDATE_PRODUCT = YES;
			};
			name = Release;
		};
		ECDA74A92BF3AD510014FFF4 /* Debug */ = {
			isa = XCBuildConfiguration;
			buildSettings = {
				ASSETCATALOG_COMPILER_APPICON_NAME = AppIcon;
				ASSETCATALOG_COMPILER_GLOBAL_ACCENT_COLOR_NAME = AccentColor;
				"CODE_SIGN_IDENTITY[sdk=iphoneos*]" = "iPhone Developer";
				CODE_SIGN_STYLE = Manual;
				CURRENT_PROJECT_VERSION = 1;
				DEVELOPMENT_ASSET_PATHS = "\"DouShouQi/Preview Content\"";
				DEVELOPMENT_TEAM = "";
				"DEVELOPMENT_TEAM[sdk=iphoneos*]" = 67U885533Q;
				ENABLE_PREVIEWS = YES;
				GENERATE_INFOPLIST_FILE = YES;
				INFOPLIST_KEY_NSCameraUsageDescription = "";
				INFOPLIST_KEY_UIApplicationSceneManifest_Generation = YES;
				INFOPLIST_KEY_UIApplicationSupportsIndirectInputEvents = YES;
				INFOPLIST_KEY_UILaunchScreen_Generation = YES;
				INFOPLIST_KEY_UISupportedInterfaceOrientations_iPad = "UIInterfaceOrientationPortrait UIInterfaceOrientationPortraitUpsideDown UIInterfaceOrientationLandscapeLeft UIInterfaceOrientationLandscapeRight";
				INFOPLIST_KEY_UISupportedInterfaceOrientations_iPhone = "UIInterfaceOrientationPortrait UIInterfaceOrientationLandscapeLeft UIInterfaceOrientationLandscapeRight";
				LD_RUNPATH_SEARCH_PATHS = (
					"$(inherited)",
					"@executable_path/Frameworks",
				);
				MARKETING_VERSION = 1.0;
				PRODUCT_BUNDLE_IDENTIFIER = fr.uca.iut.DouShouQi;
				PRODUCT_NAME = "$(TARGET_NAME)";
				PROVISIONING_PROFILE_SPECIFIER = "";
				"PROVISIONING_PROFILE_SPECIFIER[sdk=iphoneos*]" = tpiOS_2024_06_21_off;
				SWIFT_EMIT_LOC_STRINGS = YES;
				SWIFT_VERSION = 5.0;
				TARGETED_DEVICE_FAMILY = "1,2";
			};
			name = Debug;
		};
		ECDA74AA2BF3AD510014FFF4 /* Release */ = {
			isa = XCBuildConfiguration;
			buildSettings = {
				ASSETCATALOG_COMPILER_APPICON_NAME = AppIcon;
				ASSETCATALOG_COMPILER_GLOBAL_ACCENT_COLOR_NAME = AccentColor;
				"CODE_SIGN_IDENTITY[sdk=iphoneos*]" = "iPhone Developer";
				CODE_SIGN_STYLE = Manual;
				CURRENT_PROJECT_VERSION = 1;
				DEVELOPMENT_ASSET_PATHS = "\"DouShouQi/Preview Content\"";
				DEVELOPMENT_TEAM = "";
				"DEVELOPMENT_TEAM[sdk=iphoneos*]" = 67U885533Q;
				ENABLE_PREVIEWS = YES;
				GENERATE_INFOPLIST_FILE = YES;
				INFOPLIST_KEY_NSCameraUsageDescription = "";
				INFOPLIST_KEY_UIApplicationSceneManifest_Generation = YES;
				INFOPLIST_KEY_UIApplicationSupportsIndirectInputEvents = YES;
				INFOPLIST_KEY_UILaunchScreen_Generation = YES;
				INFOPLIST_KEY_UISupportedInterfaceOrientations_iPad = "UIInterfaceOrientationPortrait UIInterfaceOrientationPortraitUpsideDown UIInterfaceOrientationLandscapeLeft UIInterfaceOrientationLandscapeRight";
				INFOPLIST_KEY_UISupportedInterfaceOrientations_iPhone = "UIInterfaceOrientationPortrait UIInterfaceOrientationLandscapeLeft UIInterfaceOrientationLandscapeRight";
				LD_RUNPATH_SEARCH_PATHS = (
					"$(inherited)",
					"@executable_path/Frameworks",
				);
				MARKETING_VERSION = 1.0;
				PRODUCT_BUNDLE_IDENTIFIER = fr.uca.iut.DouShouQi;
				PRODUCT_NAME = "$(TARGET_NAME)";
				PROVISIONING_PROFILE_SPECIFIER = "";
				"PROVISIONING_PROFILE_SPECIFIER[sdk=iphoneos*]" = tpiOS_2024_06_21_off;
				SWIFT_EMIT_LOC_STRINGS = YES;
				SWIFT_VERSION = 5.0;
				TARGETED_DEVICE_FAMILY = "1,2";
			};
			name = Release;
		};
		ECDA74AC2BF3AD510014FFF4 /* Debug */ = {
			isa = XCBuildConfiguration;
			buildSettings = {
				ALWAYS_EMBED_SWIFT_STANDARD_LIBRARIES = YES;
				BUNDLE_LOADER = "$(TEST_HOST)";
				CODE_SIGN_STYLE = Automatic;
				CURRENT_PROJECT_VERSION = 1;
				GENERATE_INFOPLIST_FILE = YES;
				IPHONEOS_DEPLOYMENT_TARGET = 17.2;
				MARKETING_VERSION = 1.0;
				PRODUCT_BUNDLE_IDENTIFIER = fr.uca.iut.DouShouQiTests;
				PRODUCT_NAME = "$(TARGET_NAME)";
				SWIFT_EMIT_LOC_STRINGS = NO;
				SWIFT_VERSION = 5.0;
				TARGETED_DEVICE_FAMILY = "1,2";
				TEST_HOST = "$(BUILT_PRODUCTS_DIR)/DouShouQi.app/$(BUNDLE_EXECUTABLE_FOLDER_PATH)/DouShouQi";
			};
			name = Debug;
		};
		ECDA74AD2BF3AD510014FFF4 /* Release */ = {
			isa = XCBuildConfiguration;
			buildSettings = {
				ALWAYS_EMBED_SWIFT_STANDARD_LIBRARIES = YES;
				BUNDLE_LOADER = "$(TEST_HOST)";
				CODE_SIGN_STYLE = Automatic;
				CURRENT_PROJECT_VERSION = 1;
				GENERATE_INFOPLIST_FILE = YES;
				IPHONEOS_DEPLOYMENT_TARGET = 17.2;
				MARKETING_VERSION = 1.0;
				PRODUCT_BUNDLE_IDENTIFIER = fr.uca.iut.DouShouQiTests;
				PRODUCT_NAME = "$(TARGET_NAME)";
				SWIFT_EMIT_LOC_STRINGS = NO;
				SWIFT_VERSION = 5.0;
				TARGETED_DEVICE_FAMILY = "1,2";
				TEST_HOST = "$(BUILT_PRODUCTS_DIR)/DouShouQi.app/$(BUNDLE_EXECUTABLE_FOLDER_PATH)/DouShouQi";
			};
			name = Release;
		};
		ECDA74AF2BF3AD510014FFF4 /* Debug */ = {
			isa = XCBuildConfiguration;
			buildSettings = {
				ALWAYS_EMBED_SWIFT_STANDARD_LIBRARIES = YES;
				CODE_SIGN_STYLE = Automatic;
				CURRENT_PROJECT_VERSION = 1;
				GENERATE_INFOPLIST_FILE = YES;
				MARKETING_VERSION = 1.0;
				PRODUCT_BUNDLE_IDENTIFIER = fr.uca.iut.DouShouQiUITests;
				PRODUCT_NAME = "$(TARGET_NAME)";
				SWIFT_EMIT_LOC_STRINGS = NO;
				SWIFT_VERSION = 5.0;
				TARGETED_DEVICE_FAMILY = "1,2";
				TEST_TARGET_NAME = DouShouQi;
			};
			name = Debug;
		};
		ECDA74B02BF3AD510014FFF4 /* Release */ = {
			isa = XCBuildConfiguration;
			buildSettings = {
				ALWAYS_EMBED_SWIFT_STANDARD_LIBRARIES = YES;
				CODE_SIGN_STYLE = Automatic;
				CURRENT_PROJECT_VERSION = 1;
				GENERATE_INFOPLIST_FILE = YES;
				MARKETING_VERSION = 1.0;
				PRODUCT_BUNDLE_IDENTIFIER = fr.uca.iut.DouShouQiUITests;
				PRODUCT_NAME = "$(TARGET_NAME)";
				SWIFT_EMIT_LOC_STRINGS = NO;
				SWIFT_VERSION = 5.0;
				TARGETED_DEVICE_FAMILY = "1,2";
				TEST_TARGET_NAME = DouShouQi;
			};
			name = Release;
		};
/* End XCBuildConfiguration section */

/* Begin XCConfigurationList section */
		ECDA747F2BF3AD500014FFF4 /* Build configuration list for PBXProject "DouShouQi" */ = {
			isa = XCConfigurationList;
			buildConfigurations = (
				ECDA74A62BF3AD510014FFF4 /* Debug */,
				ECDA74A72BF3AD510014FFF4 /* Release */,
			);
			defaultConfigurationIsVisible = 0;
			defaultConfigurationName = Release;
		};
		ECDA74A82BF3AD510014FFF4 /* Build configuration list for PBXNativeTarget "DouShouQi" */ = {
			isa = XCConfigurationList;
			buildConfigurations = (
				ECDA74A92BF3AD510014FFF4 /* Debug */,
				ECDA74AA2BF3AD510014FFF4 /* Release */,
			);
			defaultConfigurationIsVisible = 0;
			defaultConfigurationName = Release;
		};
		ECDA74AB2BF3AD510014FFF4 /* Build configuration list for PBXNativeTarget "DouShouQiTests" */ = {
			isa = XCConfigurationList;
			buildConfigurations = (
				ECDA74AC2BF3AD510014FFF4 /* Debug */,
				ECDA74AD2BF3AD510014FFF4 /* Release */,
			);
			defaultConfigurationIsVisible = 0;
			defaultConfigurationName = Release;
		};
		ECDA74AE2BF3AD510014FFF4 /* Build configuration list for PBXNativeTarget "DouShouQiUITests" */ = {
			isa = XCConfigurationList;
			buildConfigurations = (
				ECDA74AF2BF3AD510014FFF4 /* Debug */,
				ECDA74B02BF3AD510014FFF4 /* Release */,
			);
			defaultConfigurationIsVisible = 0;
			defaultConfigurationName = Release;
		};
/* End XCConfigurationList section */

/* Begin XCSwiftPackageProductDependency section */
		EC57ADAB2C201B2F00A8ED49 /* Stub */ = {
			isa = XCSwiftPackageProductDependency;
			productName = Stub;
		};
/* End XCSwiftPackageProductDependency section */
	};
	rootObject = ECDA747C2BF3AD500014FFF4 /* Project object */;
}
